// !$*UTF8*$!
{
	archiveVersion = 1;
	classes = {
	};
	objectVersion = 46;
	objects = {

/* Begin PBXBuildFile section */
		B54864B81F0DB7A30073F73B /* AppDelegate.swift in Sources */ = {isa = PBXBuildFile; fileRef = B54864B71F0DB7A30073F73B /* AppDelegate.swift */; };
		B54864BA1F0DB7A30073F73B /* RecordSoundsViewController.swift in Sources */ = {isa = PBXBuildFile; fileRef = B54864B91F0DB7A30073F73B /* RecordSoundsViewController.swift */; };
		B54864BD1F0DB7A30073F73B /* Main.storyboard in Resources */ = {isa = PBXBuildFile; fileRef = B54864BB1F0DB7A30073F73B /* Main.storyboard */; };
		B54864BF1F0DB7A30073F73B /* Assets.xcassets in Resources */ = {isa = PBXBuildFile; fileRef = B54864BE1F0DB7A30073F73B /* Assets.xcassets */; };
		B54864C21F0DB7A30073F73B /* LaunchScreen.storyboard in Resources */ = {isa = PBXBuildFile; fileRef = B54864C01F0DB7A30073F73B /* LaunchScreen.storyboard */; };
		B54864CA1F0DD8F50073F73B /* PlaySoundsViewController.swift in Sources */ = {isa = PBXBuildFile; fileRef = B54864C91F0DD8F50073F73B /* PlaySoundsViewController.swift */; };
		B54864CC1F0E15C10073F73B /* PlaySoundsViewController-Audio.swift in Sources */ = {isa = PBXBuildFile; fileRef = B54864CB1F0E15C10073F73B /* PlaySoundsViewController-Audio.swift */; };
/* End PBXBuildFile section */

/* Begin PBXFileReference section */
		B54864B41F0DB7A30073F73B /* PitchPerfect.app */ = {isa = PBXFileReference; explicitFileType = wrapper.application; includeInIndex = 0; path = PitchPerfect.app; sourceTree = BUILT_PRODUCTS_DIR; };
		B54864B71F0DB7A30073F73B /* AppDelegate.swift */ = {isa = PBXFileReference; lastKnownFileType = sourcecode.swift; path = AppDelegate.swift; sourceTree = "<group>"; };
		B54864B91F0DB7A30073F73B /* RecordSoundsViewController.swift */ = {isa = PBXFileReference; lastKnownFileType = sourcecode.swift; path = RecordSoundsViewController.swift; sourceTree = "<group>"; };
		B54864BC1F0DB7A30073F73B /* Base */ = {isa = PBXFileReference; lastKnownFileType = file.storyboard; name = Base; path = Base.lproj/Main.storyboard; sourceTree = "<group>"; };
		B54864BE1F0DB7A30073F73B /* Assets.xcassets */ = {isa = PBXFileReference; lastKnownFileType = folder.assetcatalog; path = Assets.xcassets; sourceTree = "<group>"; };
		B54864C11F0DB7A30073F73B /* Base */ = {isa = PBXFileReference; lastKnownFileType = file.storyboard; name = Base; path = Base.lproj/LaunchScreen.storyboard; sourceTree = "<group>"; };
		B54864C31F0DB7A30073F73B /* Info.plist */ = {isa = PBXFileReference; lastKnownFileType = text.plist.xml; path = Info.plist; sourceTree = "<group>"; };
		B54864C91F0DD8F50073F73B /* PlaySoundsViewController.swift */ = {isa = PBXFileReference; fileEncoding = 4; lastKnownFileType = sourcecode.swift; path = PlaySoundsViewController.swift; sourceTree = "<group>"; };
		B54864CB1F0E15C10073F73B /* PlaySoundsViewController-Audio.swift */ = {isa = PBXFileReference; fileEncoding = 4; lastKnownFileType = sourcecode.swift; path = "PlaySoundsViewController-Audio.swift"; sourceTree = "<group>"; };
/* End PBXFileReference section */

/* Begin PBXFrameworksBuildPhase section */
		B54864B11F0DB7A30073F73B /* Frameworks */ = {
			isa = PBXFrameworksBuildPhase;
			buildActionMask = 2147483647;
			files = (
			);
			runOnlyForDeploymentPostprocessing = 0;
		};
/* End PBXFrameworksBuildPhase section */

/* Begin PBXGroup section */
		B54864AB1F0DB7A30073F73B = {
			isa = PBXGroup;
			children = (
				B54864B61F0DB7A30073F73B /* PitchPerfect */,
				B54864B51F0DB7A30073F73B /* Products */,
			);
			sourceTree = "<group>";
		};
		B54864B51F0DB7A30073F73B /* Products */ = {
			isa = PBXGroup;
			children = (
				B54864B41F0DB7A30073F73B /* PitchPerfect.app */,
			);
			name = Products;
			sourceTree = "<group>";
		};
		B54864B61F0DB7A30073F73B /* PitchPerfect */ = {
			isa = PBXGroup;
			children = (
				B54864B71F0DB7A30073F73B /* AppDelegate.swift */,
				B54864B91F0DB7A30073F73B /* RecordSoundsViewController.swift */,
				B54864BB1F0DB7A30073F73B /* Main.storyboard */,
				B54864BE1F0DB7A30073F73B /* Assets.xcassets */,
				B54864C01F0DB7A30073F73B /* LaunchScreen.storyboard */,
				B54864C31F0DB7A30073F73B /* Info.plist */,
				B54864C91F0DD8F50073F73B /* PlaySoundsViewController.swift */,
				B54864CB1F0E15C10073F73B /* PlaySoundsViewController-Audio.swift */,
			);
			path = PitchPerfect;
			sourceTree = "<group>";
		};
/* End PBXGroup section */

/* Begin PBXNativeTarget section */
		B54864B31F0DB7A30073F73B /* PitchPerfect */ = {
			isa = PBXNativeTarget;
			buildConfigurationList = B54864C61F0DB7A30073F73B /* Build configuration list for PBXNativeTarget "PitchPerfect" */;
			buildPhases = (
				B54864B01F0DB7A30073F73B /* Sources */,
				B54864B11F0DB7A30073F73B /* Frameworks */,
				B54864B21F0DB7A30073F73B /* Resources */,
			);
			buildRules = (
			);
			dependencies = (
			);
			name = PitchPerfect;
			productName = PitchPerfect;
			productReference = B54864B41F0DB7A30073F73B /* PitchPerfect.app */;
			productType = "com.apple.product-type.application";
		};
/* End PBXNativeTarget section */

/* Begin PBXProject section */
		B54864AC1F0DB7A30073F73B /* Project object */ = {
			isa = PBXProject;
			attributes = {
				LastSwiftUpdateCheck = 0830;
				LastUpgradeCheck = 0830;
				ORGANIZATIONNAME = "Ben Juhn";
				TargetAttributes = {
					B54864B31F0DB7A30073F73B = {
						CreatedOnToolsVersion = 8.3.3;
						DevelopmentTeam = J6TU3HYNX6;
						ProvisioningStyle = Automatic;
					};
				};
			};
			buildConfigurationList = B54864AF1F0DB7A30073F73B /* Build configuration list for PBXProject "PitchPerfect" */;
			compatibilityVersion = "Xcode 3.2";
			developmentRegion = English;
			hasScannedForEncodings = 0;
			knownRegions = (
				en,
				Base,
			);
			mainGroup = B54864AB1F0DB7A30073F73B;
			productRefGroup = B54864B51F0DB7A30073F73B /* Products */;
			projectDirPath = "";
			projectRoot = "";
			targets = (
				B54864B31F0DB7A30073F73B /* PitchPerfect */,
			);
		};
/* End PBXProject section */

/* Begin PBXResourcesBuildPhase section */
		B54864B21F0DB7A30073F73B /* Resources */ = {
			isa = PBXResourcesBuildPhase;
			buildActionMask = 2147483647;
			files = (
				B54864C21F0DB7A30073F73B /* LaunchScreen.storyboard in Resources */,
				B54864BF1F0DB7A30073F73B /* Assets.xcassets in Resources */,
				B54864BD1F0DB7A30073F73B /* Main.storyboard in Resources */,
			);
			runOnlyForDeploymentPostprocessing = 0;
		};
/* End PBXResourcesBuildPhase section */

/* Begin PBXSourcesBuildPhase section */
		B54864B01F0DB7A30073F73B /* Sources */ = {
			isa = PBXSourcesBuildPhase;
			buildActionMask = 2147483647;
			files = (
				B54864BA1F0DB7A30073F73B /* RecordSoundsViewController.swift in Sources */,
				B54864CA1F0DD8F50073F73B /* PlaySoundsViewController.swift in Sources */,
				B54864B81F0DB7A30073F73B /* AppDelegate.swift in Sources */,
				B54864CC1F0E15C10073F73B /* PlaySoundsViewController-Audio.swift in Sources */,
			);
			runOnlyForDeploymentPostprocessing = 0;
		};
/* End PBXSourcesBuildPhase section */

/* Begin PBXVariantGroup section */
		B54864BB1F0DB7A30073F73B /* Main.storyboard */ = {
			isa = PBXVariantGroup;
			children = (
				B54864BC1F0DB7A30073F73B /* Base */,
			);
			name = Main.storyboard;
			sourceTree = "<group>";
		};
		B54864C01F0DB7A30073F73B /* LaunchScreen.storyboard */ = {
			isa = PBXVariantGroup;
			children = (
				B54864C11F0DB7A30073F73B /* Base */,
			);
			name = LaunchScreen.storyboard;
			sourceTree = "<group>";
		};
/* End PBXVariantGroup section */

/* Begin XCBuildConfiguration section */
		B54864C41F0DB7A30073F73B /* Debug */ = {
			isa = XCBuildConfiguration;
			buildSettings = {
				ALWAYS_SEARCH_USER_PATHS = NO;
				CLANG_ANALYZER_NONNULL = YES;
				CLANG_ANALYZER_NUMBER_OBJECT_CONVERSION = YES_AGGRESSIVE;
				CLANG_CXX_LANGUAGE_STANDARD = "gnu++0x";
				CLANG_CXX_LIBRARY = "libc++";
				CLANG_ENABLE_MODULES = YES;
				CLANG_ENABLE_OBJC_ARC = YES;
				CLANG_WARN_BOOL_CONVERSION = YES;
				CLANG_WARN_CONSTANT_CONVERSION = YES;
				CLANG_WARN_DIRECT_OBJC_ISA_USAGE = YES_ERROR;
				CLANG_WARN_DOCUMENTATION_COMMENTS = YES;
				CLANG_WARN_EMPTY_BODY = YES;
				CLANG_WARN_ENUM_CONVERSION = YES;
				CLANG_WARN_INFINITE_RECURSION = YES;
				CLANG_WARN_INT_CONVERSION = YES;
				CLANG_WARN_OBJC_ROOT_CLASS = YES_ERROR;
				CLANG_WARN_SUSPICIOUS_MOVE = YES;
				CLANG_WARN_UNREACHABLE_CODE = YES;
				CLANG_WARN__DUPLICATE_METHOD_MATCH = YES;
				"CODE_SIGN_IDENTITY[sdk=iphoneos*]" = "iPhone Developer";
				COPY_PHASE_STRIP = NO;
				DEBUG_INFORMATION_FORMAT = dwarf;
				ENABLE_STRICT_OBJC_MSGSEND = YES;
				ENABLE_TESTABILITY = YES;
				GCC_C_LANGUAGE_STANDARD = gnu99;
				GCC_DYNAMIC_NO_PIC = NO;
				GCC_NO_COMMON_BLOCKS = YES;
				GCC_OPTIMIZATION_LEVEL = 0;
				GCC_PREPROCESSOR_DEFINITIONS = (
					"DEBUG=1",
					"$(inherited)",
				);
				GCC_WARN_64_TO_32_BIT_CONVERSION = YES;
				GCC_WARN_ABOUT_RETURN_TYPE = YES_ERROR;
				GCC_WARN_UNDECLARED_SELECTOR = YES;
				GCC_WARN_UNINITIALIZED_AUTOS = YES_AGGRESSIVE;
				GCC_WARN_UNUSED_FUNCTION = YES;
				GCC_WARN_UNUSED_VARIABLE = YES;
				IPHONEOS_DEPLOYMENT_TARGET = 10.3;
				MTL_ENABLE_DEBUG_INFO = YES;
				ONLY_ACTIVE_ARCH = YES;
				SDKROOT = iphoneos;
				SWIFT_ACTIVE_COMPILATION_CONDITIONS = DEBUG;
				SWIFT_OPTIMIZATION_LEVEL = "-Onone";
				TARGETED_DEVICE_FAMILY = "1,2";
			};
			name = Debug;
		};
		B54864C51F0DB7A30073F73B /* Release */ = {
			isa = XCBuildConfiguration;
			buildSettings = {
				ALWAYS_SEARCH_USER_PATHS = NO;
				CLANG_ANALYZER_NONNULL = YES;
				CLANG_ANALYZER_NUMBER_OBJECT_CONVERSION = YES_AGGRESSIVE;
				CLANG_CXX_LANGUAGE_STANDARD = "gnu++0x";
				CLANG_CXX_LIBRARY = "libc++";
				CLANG_ENABLE_MODULES = YES;
				CLANG_ENABLE_OBJC_ARC = YES;
				CLANG_WARN_BOOL_CONVERSION = YES;
				CLANG_WARN_CONSTANT_CONVERSION = YES;
				CLANG_WARN_DIRECT_OBJC_ISA_USAGE = YES_ERROR;
				CLANG_WARN_DOCUMENTATION_COMMENTS = YES;
				CLANG_WARN_EMPTY_BODY = YES;
				CLANG_WARN_ENUM_CONVERSION = YES;
				CLANG_WARN_INFINITE_RECURSION = YES;
				CLANG_WARN_INT_CONVERSION = YES;
				CLANG_WARN_OBJC_ROOT_CLASS = YES_ERROR;
				CLANG_WARN_SUSPICIOUS_MOVE = YES;
				CLANG_WARN_UNREACHABLE_CODE = YES;
				CLANG_WARN__DUPLICATE_METHOD_MATCH = YES;
				"CODE_SIGN_IDENTITY[sdk=iphoneos*]" = "iPhone Developer";
				COPY_PHASE_STRIP = NO;
				DEBUG_INFORMATION_FORMAT = "dwarf-with-dsym";
				ENABLE_NS_ASSERTIONS = NO;
				ENABLE_STRICT_OBJC_MSGSEND = YES;
				GCC_C_LANGUAGE_STANDARD = gnu99;
				GCC_NO_COMMON_BLOCKS = YES;
				GCC_WARN_64_TO_32_BIT_CONVERSION = YES;
				GCC_WARN_ABOUT_RETURN_TYPE = YES_ERROR;
				GCC_WARN_UNDECLARED_SELECTOR = YES;
				GCC_WARN_UNINITIALIZED_AUTOS = YES_AGGRESSIVE;
				GCC_WARN_UNUSED_FUNCTION = YES;
				GCC_WARN_UNUSED_VARIABLE = YES;
				IPHONEOS_DEPLOYMENT_TARGET = 10.3;
				MTL_ENABLE_DEBUG_INFO = NO;
				SDKROOT = iphoneos;
				SWIFT_OPTIMIZATION_LEVEL = "-Owholemodule";
				TARGETED_DEVICE_FAMILY = "1,2";
				VALIDATE_PRODUCT = YES;
			};
			name = Release;
		};
		B54864C71F0DB7A30073F73B /* Debug */ = {
			isa = XCBuildConfiguration;
			buildSettings = {
				ASSETCATALOG_COMPILER_APPICON_NAME = AppIcon;
				DEVELOPMENT_TEAM = J6TU3HYNX6;
				INFOPLIST_FILE = PitchPerfect/Info.plist;
				LD_RUNPATH_SEARCH_PATHS = "$(inherited) @executable_path/Frameworks";
				PRODUCT_BUNDLE_IDENTIFIER = "Garlic-Dumpling.PitchPerfect";
				PRODUCT_NAME = "$(TARGET_NAME)";
				SWIFT_VERSION = 3.0;
			};
			name = Debug;
		};
		B54864C81F0DB7A30073F73B /* Release */ = {
			isa = XCBuildConfiguration;
			buildSettings = {
				ASSETCATALOG_COMPILER_APPICON_NAME = AppIcon;
				DEVELOPMENT_TEAM = J6TU3HYNX6;
				INFOPLIST_FILE = PitchPerfect/Info.plist;
				LD_RUNPATH_SEARCH_PATHS = "$(inherited) @executable_path/Frameworks";
				PRODUCT_BUNDLE_IDENTIFIER = "Garlic-Dumpling.PitchPerfect";
				PRODUCT_NAME = "$(TARGET_NAME)";
				SWIFT_VERSION = 3.0;
			};
			name = Release;
		};
/* End XCBuildConfiguration section */

/* Begin XCConfigurationList section */
		B54864AF1F0DB7A30073F73B /* Build configuration list for PBXProject "PitchPerfect" */ = {
			isa = XCConfigurationList;
			buildConfigurations = (
				B54864C41F0DB7A30073F73B /* Debug */,
				B54864C51F0DB7A30073F73B /* Release */,
			);
			defaultConfigurationIsVisible = 0;
			defaultConfigurationName = Release;
		};
		B54864C61F0DB7A30073F73B /* Build configuration list for PBXNativeTarget "PitchPerfect" */ = {
			isa = XCConfigurationList;
			buildConfigurations = (
				B54864C71F0DB7A30073F73B /* Debug */,
				B54864C81F0DB7A30073F73B /* Release */,
			);
			defaultConfigurationIsVisible = 0;
		};
/* End XCConfigurationList section */
	};
	rootObject = B54864AC1F0DB7A30073F73B /* Project object */;
}
